
Microsoft Visual Studio Solution File, Format Version 12.00
# Visual Studio 15
Project("{FAE04EC0-301F-11D3-BF4B-00C04F79EFBC}") = "Assembly-CSharp", "Assembly-CSharp.csproj", "{13D2FAA6-F760-5A25-D026-63A3089C2583}"
EndProject
Project("{FAE04EC0-301F-11D3-BF4B-00C04F79EFBC}") = "VulpesTool", "VulpesTool.csproj", "{00443A99-E062-CD6D-9587-5B9D331D770D}"
EndProject
Project("{FAE04EC0-301F-11D3-BF4B-00C04F79EFBC}") = "Tweener", "Tweener.csproj", "{F629E610-3C16-DDDA-3925-613C229A916D}"
EndProject
Project("{FAE04EC0-301F-11D3-BF4B-00C04F79EFBC}") = "NavMeshComponents", "NavMeshComponents.csproj", "{50FB13A0-4D8B-CD3D-379A-6B605F57477F}"
EndProject
Project("{FAE04EC0-301F-11D3-BF4B-00C04F79EFBC}") = "Assembly-CSharp-Editor", "Assembly-CSharp-Editor.csproj", "{67FD26EE-1C19-178E-5306-6731E0A926A4}"
EndProject
Project("{FAE04EC0-301F-11D3-BF4B-00C04F79EFBC}") = "VulpesTool.Editor", "VulpesTool.Editor.csproj", "{6E14007A-8FA4-28AA-E170-DF79CFF85399}"
EndProject
Project("{FAE04EC0-301F-11D3-BF4B-00C04F79EFBC}") = "TweenerEditor", "TweenerEditor.csproj", "{146E8E25-85B5-0839-3065-1A6AC13737D8}"
EndProject
Project("{FAE04EC0-301F-11D3-BF4B-00C04F79EFBC}") = "NavMeshComponentsEditor", "NavMeshComponentsEditor.csproj", "{9FBBFF9B-A8CF-1D4A-0875-EA25AD4B97D0}"
EndProject
Global
	GlobalSection(SolutionConfigurationPlatforms) = preSolution
		Debug|Any CPU = Debug|Any CPU
		Release|Any CPU = Release|Any CPU
	EndGlobalSection
	GlobalSection(ProjectConfigurationPlatforms) = postSolution
		{13D2FAA6-F760-5A25-D026-63A3089C2583}.Debug|Any CPU.ActiveCfg = Debug|Any CPU
		{13D2FAA6-F760-5A25-D026-63A3089C2583}.Debug|Any CPU.Build.0 = Debug|Any CPU
		{13D2FAA6-F760-5A25-D026-63A3089C2583}.Release|Any CPU.ActiveCfg = Release|Any CPU
		{13D2FAA6-F760-5A25-D026-63A3089C2583}.Release|Any CPU.Build.0 = Release|Any CPU
		{00443A99-E062-CD6D-9587-5B9D331D770D}.Debug|Any CPU.ActiveCfg = Debug|Any CPU
		{00443A99-E062-CD6D-9587-5B9D331D770D}.Debug|Any CPU.Build.0 = Debug|Any CPU
		{00443A99-E062-CD6D-9587-5B9D331D770D}.Release|Any CPU.ActiveCfg = Release|Any CPU
		{00443A99-E062-CD6D-9587-5B9D331D770D}.Release|Any CPU.Build.0 = Release|Any CPU
		{F629E610-3C16-DDDA-3925-613C229A916D}.Debug|Any CPU.ActiveCfg = Debug|Any CPU
		{F629E610-3C16-DDDA-3925-613C229A916D}.Debug|Any CPU.Build.0 = Debug|Any CPU
		{F629E610-3C16-DDDA-3925-613C229A916D}.Release|Any CPU.ActiveCfg = Release|Any CPU
		{F629E610-3C16-DDDA-3925-613C229A916D}.Release|Any CPU.Build.0 = Release|Any CPU
		{50FB13A0-4D8B-CD3D-379A-6B605F57477F}.Debug|Any CPU.ActiveCfg = Debug|Any CPU
		{50FB13A0-4D8B-CD3D-379A-6B605F57477F}.Debug|Any CPU.Build.0 = Debug|Any CPU
		{50FB13A0-4D8B-CD3D-379A-6B605F57477F}.Release|Any CPU.ActiveCfg = Release|Any CPU
		{50FB13A0-4D8B-CD3D-379A-6B605F57477F}.Release|Any CPU.Build.0 = Release|Any CPU
		{67FD26EE-1C19-178E-5306-6731E0A926A4}.Debug|Any CPU.ActiveCfg = Debug|Any CPU
		{67FD26EE-1C19-178E-5306-6731E0A926A4}.Debug|Any CPU.Build.0 = Debug|Any CPU
		{67FD26EE-1C19-178E-5306-6731E0A926A4}.Release|Any CPU.ActiveCfg = Release|Any CPU
		{67FD26EE-1C19-178E-5306-6731E0A926A4}.Release|Any CPU.Build.0 = Release|Any CPU
		{6E14007A-8FA4-28AA-E170-DF79CFF85399}.Debug|Any CPU.ActiveCfg = Debug|Any CPU
		{6E14007A-8FA4-28AA-E170-DF79CFF85399}.Debug|Any CPU.Build.0 = Debug|Any CPU
		{6E14007A-8FA4-28AA-E170-DF79CFF85399}.Release|Any CPU.ActiveCfg = Release|Any CPU
		{6E14007A-8FA4-28AA-E170-DF79CFF85399}.Release|Any CPU.Build.0 = Release|Any CPU
		{146E8E25-85B5-0839-3065-1A6AC13737D8}.Debug|Any CPU.ActiveCfg = Debug|Any CPU
		{146E8E25-85B5-0839-3065-1A6AC13737D8}.Debug|Any CPU.Build.0 = Debug|Any CPU
		{146E8E25-85B5-0839-3065-1A6AC13737D8}.Release|Any CPU.ActiveCfg = Release|Any CPU
		{146E8E25-85B5-0839-3065-1A6AC13737D8}.Release|Any CPU.Build.0 = Release|Any CPU
		{9FBBFF9B-A8CF-1D4A-0875-EA25AD4B97D0}.Debug|Any CPU.ActiveCfg = Debug|Any CPU
		{9FBBFF9B-A8CF-1D4A-0875-EA25AD4B97D0}.Debug|Any CPU.Build.0 = Debug|Any CPU
		{9FBBFF9B-A8CF-1D4A-0875-EA25AD4B97D0}.Release|Any CPU.ActiveCfg = Release|Any CPU
		{9FBBFF9B-A8CF-1D4A-0875-EA25AD4B97D0}.Release|Any CPU.Build.0 = Release|Any CPU
	EndGlobalSection
	GlobalSection(SolutionProperties) = preSolution
		HideSolutionNode = FALSE
	EndGlobalSection
EndGlobal
